// !$*UTF8*$!
{
	archiveVersion = 1;
	classes = {
	};
	objectVersion = 54;
	objects = {

/* Begin PBXBuildFile section */
		00E356F31AD99517003FC87E /* plantappTests.m in Sources */ = {isa = PBXBuildFile; fileRef = 00E356F21AD99517003FC87E /* plantappTests.m */; };
		0C80B921A6F3F58F76C31292 /* libPods-plantapp.a in Frameworks */ = {isa = PBXBuildFile; fileRef = 5DCACB8F33CDC322A6C60F78 /* libPods-plantapp.a */; };
		13B07FBC1A68108700A75B9A /* AppDelegate.mm in Sources */ = {isa = PBXBuildFile; fileRef = 13B07FB01A68108700A75B9A /* AppDelegate.mm */; };
		13B07FBF1A68108700A75B9A /* Images.xcassets in Resources */ = {isa = PBXBuildFile; fileRef = 13B07FB51A68108700A75B9A /* Images.xcassets */; };
		13B07FC11A68108700A75B9A /* main.m in Sources */ = {isa = PBXBuildFile; fileRef = 13B07FB71A68108700A75B9A /* main.m */; };
		7699B88040F8A987B510C191 /* libPods-plantapp-plantappTests.a in Frameworks */ = {isa = PBXBuildFile; fileRef = 19F6CBCC0A4E27FBF8BF4A61 /* libPods-plantapp-plantappTests.a */; };
		81AB9BB82411601600AC10FF /* LaunchScreen.storyboard in Resources */ = {isa = PBXBuildFile; fileRef = 81AB9BB72411601600AC10FF /* LaunchScreen.storyboard */; };
		AD7BA57AB0F6444B9B50570B /* Rubik-Black.ttf in Resources */ = {isa = PBXBuildFile; fileRef = AD2219CCAABC4C95AABEB3FD /* Rubik-Black.ttf */; };
		BB147ED05D0E4F50956E412B /* Rubik-BlackItalic.ttf in Resources */ = {isa = PBXBuildFile; fileRef = 922E86442F364DE08C47CCC7 /* Rubik-BlackItalic.ttf */; };
		715AC4FD26A7417F9E58F86B /* Rubik-Bold.ttf in Resources */ = {isa = PBXBuildFile; fileRef = 5FA2E04C49F34B94B7FC6BF8 /* Rubik-Bold.ttf */; };
		1B45FC5ADA5D443DB027CD5C /* Rubik-BoldItalic.ttf in Resources */ = {isa = PBXBuildFile; fileRef = 2E463425C45D45A385BBA824 /* Rubik-BoldItalic.ttf */; };
		086865F480F546E0868FDE53 /* Rubik-ExtraBold.ttf in Resources */ = {isa = PBXBuildFile; fileRef = 5B77CCA1C5464BBB9A33DDBD /* Rubik-ExtraBold.ttf */; };
		E7FDD0C9F8064BC29E47241D /* Rubik-ExtraBoldItalic.ttf in Resources */ = {isa = PBXBuildFile; fileRef = 0771F1C07AB648BAAC20B191 /* Rubik-ExtraBoldItalic.ttf */; };
		113243C3387F4736BD8D1572 /* Rubik-Italic.ttf in Resources */ = {isa = PBXBuildFile; fileRef = F38EFCC08750412BB177EC2E /* Rubik-Italic.ttf */; };
		2C0FFDB66EB84AC19B8BF766 /* Rubik-Light.ttf in Resources */ = {isa = PBXBuildFile; fileRef = 19C0EE95BB40409399F3BA9A /* Rubik-Light.ttf */; };
		6FC2EAC23C044A74A2DD6558 /* Rubik-LightItalic.ttf in Resources */ = {isa = PBXBuildFile; fileRef = 51D6AC997E5D48E7BA4B1E12 /* Rubik-LightItalic.ttf */; };
		8EB3E85A36ED49FFB9257422 /* Rubik-Medium.ttf in Resources */ = {isa = PBXBuildFile; fileRef = CEADE2B0694D452FA3DBAA20 /* Rubik-Medium.ttf */; };
		02AE1DA8EF93479592562647 /* Rubik-MediumItalic.ttf in Resources */ = {isa = PBXBuildFile; fileRef = C9633898090B42BC9C3DBDF5 /* Rubik-MediumItalic.ttf */; };
		8918FBBF54FC49CCB0478DDA /* Rubik-Regular.ttf in Resources */ = {isa = PBXBuildFile; fileRef = ADEEF4047F274944B1B59833 /* Rubik-Regular.ttf */; };
		9D1F51ABB4204EBCAEB7CD75 /* Rubik-SemiBold.ttf in Resources */ = {isa = PBXBuildFile; fileRef = AC6F8258E0654781B29534E2 /* Rubik-SemiBold.ttf */; };
		6EE2F6041B80459B857DC856 /* Rubik-SemiBoldItalic.ttf in Resources */ = {isa = PBXBuildFile; fileRef = 65A2A0A7F2324FB68D03DCF8 /* Rubik-SemiBoldItalic.ttf */; };
		209E0568DE6642E8B2848A48 /* SF-Pro-Text-Black.otf in Resources */ = {isa = PBXBuildFile; fileRef = 75F96B4C928E4D999BA89F20 /* SF-Pro-Text-Black.otf */; };
		22877E57EA844C1E8CA15F25 /* SF-Pro-Text-BlackItalic.otf in Resources */ = {isa = PBXBuildFile; fileRef = 7F691E9B4C9D47E89DCDA3A2 /* SF-Pro-Text-BlackItalic.otf */; };
		DEAEC459B8F5476989BF2DB9 /* SF-Pro-Text-Bold.otf in Resources */ = {isa = PBXBuildFile; fileRef = E38EFA6052314B42B49CB0F5 /* SF-Pro-Text-Bold.otf */; };
		03D615EAE2DF421C99CB5005 /* SF-Pro-Text-BoldItalic.otf in Resources */ = {isa = PBXBuildFile; fileRef = 9FB4C4946D054AA08BB72A6C /* SF-Pro-Text-BoldItalic.otf */; };
		F74CAA6A16A041EE82744728 /* SF-Pro-Text-Heavy.otf in Resources */ = {isa = PBXBuildFile; fileRef = AD7669D9FADE4D4198083FD4 /* SF-Pro-Text-Heavy.otf */; };
		F66985C60D2741308CD8E197 /* SF-Pro-Text-HeavyItalic.otf in Resources */ = {isa = PBXBuildFile; fileRef = 940888C6C40E4A39B3EAB767 /* SF-Pro-Text-HeavyItalic.otf */; };
		75AB6D05428B4A569E85E71F /* SF-Pro-Text-Light.otf in Resources */ = {isa = PBXBuildFile; fileRef = D42833CF133044E0854BEDC2 /* SF-Pro-Text-Light.otf */; };
		52DA7F974AC042C694AC1FE4 /* SF-Pro-Text-LightItalic.otf in Resources */ = {isa = PBXBuildFile; fileRef = 3BE8B37326DB4BB8B3703626 /* SF-Pro-Text-LightItalic.otf */; };
		B5B32382D12F4BD4A789E025 /* SF-Pro-Text-Medium.otf in Resources */ = {isa = PBXBuildFile; fileRef = 42BB13F0B1A94FA6B62898AD /* SF-Pro-Text-Medium.otf */; };
		2B0AAE65F7944575B6A6D0EE /* SF-Pro-Text-MediumItalic.otf in Resources */ = {isa = PBXBuildFile; fileRef = 9A913EB859314359ABB8BBAF /* SF-Pro-Text-MediumItalic.otf */; };
		F021B2AEAF4749E5A26BE8C8 /* SF-Pro-Text-Regular.otf in Resources */ = {isa = PBXBuildFile; fileRef = 5E267560CEE64106A80A4C44 /* SF-Pro-Text-Regular.otf */; };
		795E479D14214C3A8491D8E5 /* SF-Pro-Text-RegularItalic.otf in Resources */ = {isa = PBXBuildFile; fileRef = 5438293F2B524376AEFE2962 /* SF-Pro-Text-RegularItalic.otf */; };
		422B3A7B810E4B03A221C09F /* SF-Pro-Text-Semibold.otf in Resources */ = {isa = PBXBuildFile; fileRef = 5D0DF057311C4F36B676F75A /* SF-Pro-Text-Semibold.otf */; };
		17289551F53D4A4598421759 /* SF-Pro-Text-SemiboldItalic.otf in Resources */ = {isa = PBXBuildFile; fileRef = 84E15BECEB1342108B511C2A /* SF-Pro-Text-SemiboldItalic.otf */; };
		A86A1B0361E34CC8B4880856 /* SF-Pro-Text-Thin.otf in Resources */ = {isa = PBXBuildFile; fileRef = C4223C5C859B435588C39D08 /* SF-Pro-Text-Thin.otf */; };
		A1026D1E442B45098DE0798A /* SF-Pro-Text-ThinItalic.otf in Resources */ = {isa = PBXBuildFile; fileRef = 00BBFB813D6E4FB9B3200208 /* SF-Pro-Text-ThinItalic.otf */; };
		51623799954A4F1E9372B429 /* SF-Pro-Text-Ultralight.otf in Resources */ = {isa = PBXBuildFile; fileRef = 326EC0F20C1A47548DEC5B4C /* SF-Pro-Text-Ultralight.otf */; };
		FB0DE7DF3EF743369AC30B68 /* SF-Pro-Text-UltralightItalic.otf in Resources */ = {isa = PBXBuildFile; fileRef = E857552B347C4DD08E577A4C /* SF-Pro-Text-UltralightItalic.otf */; };
/* End PBXBuildFile section */

/* Begin PBXContainerItemProxy section */
		00E356F41AD99517003FC87E /* PBXContainerItemProxy */ = {
			isa = PBXContainerItemProxy;
			containerPortal = 83CBB9F71A601CBA00E9B192 /* Project object */;
			proxyType = 1;
			remoteGlobalIDString = 13B07F861A680F5B00A75B9A;
			remoteInfo = plantapp;
		};
/* End PBXContainerItemProxy section */

/* Begin PBXFileReference section */
		00E356EE1AD99517003FC87E /* plantappTests.xctest */ = {isa = PBXFileReference; explicitFileType = wrapper.cfbundle; includeInIndex = 0; path = plantappTests.xctest; sourceTree = BUILT_PRODUCTS_DIR; };
		00E356F11AD99517003FC87E /* Info.plist */ = {isa = PBXFileReference; lastKnownFileType = text.plist.xml; path = Info.plist; sourceTree = "<group>"; };
		00E356F21AD99517003FC87E /* plantappTests.m */ = {isa = PBXFileReference; lastKnownFileType = sourcecode.c.objc; path = plantappTests.m; sourceTree = "<group>"; };
		13B07F961A680F5B00A75B9A /* plantapp.app */ = {isa = PBXFileReference; explicitFileType = wrapper.application; includeInIndex = 0; path = plantapp.app; sourceTree = BUILT_PRODUCTS_DIR; };
		13B07FAF1A68108700A75B9A /* AppDelegate.h */ = {isa = PBXFileReference; fileEncoding = 4; lastKnownFileType = sourcecode.c.h; name = AppDelegate.h; path = plantapp/AppDelegate.h; sourceTree = "<group>"; };
		13B07FB01A68108700A75B9A /* AppDelegate.mm */ = {isa = PBXFileReference; fileEncoding = 4; lastKnownFileType = sourcecode.cpp.objcpp; name = AppDelegate.mm; path = plantapp/AppDelegate.mm; sourceTree = "<group>"; };
		13B07FB51A68108700A75B9A /* Images.xcassets */ = {isa = PBXFileReference; lastKnownFileType = folder.assetcatalog; name = Images.xcassets; path = plantapp/Images.xcassets; sourceTree = "<group>"; };
		13B07FB61A68108700A75B9A /* Info.plist */ = {isa = PBXFileReference; fileEncoding = 4; lastKnownFileType = text.plist.xml; name = Info.plist; path = plantapp/Info.plist; sourceTree = "<group>"; };
		13B07FB71A68108700A75B9A /* main.m */ = {isa = PBXFileReference; fileEncoding = 4; lastKnownFileType = sourcecode.c.objc; name = main.m; path = plantapp/main.m; sourceTree = "<group>"; };
		13B07FB81A68108700A75B9A /* PrivacyInfo.xcprivacy */ = {isa = PBXFileReference; fileEncoding = 4; lastKnownFileType = text.plist.xml; name = PrivacyInfo.xcprivacy; path = plantapp/PrivacyInfo.xcprivacy; sourceTree = "<group>"; };
		19F6CBCC0A4E27FBF8BF4A61 /* libPods-plantapp-plantappTests.a */ = {isa = PBXFileReference; explicitFileType = archive.ar; includeInIndex = 0; path = "libPods-plantapp-plantappTests.a"; sourceTree = BUILT_PRODUCTS_DIR; };
		3B4392A12AC88292D35C810B /* Pods-plantapp.debug.xcconfig */ = {isa = PBXFileReference; includeInIndex = 1; lastKnownFileType = text.xcconfig; name = "Pods-plantapp.debug.xcconfig"; path = "Target Support Files/Pods-plantapp/Pods-plantapp.debug.xcconfig"; sourceTree = "<group>"; };
		5709B34CF0A7D63546082F79 /* Pods-plantapp.release.xcconfig */ = {isa = PBXFileReference; includeInIndex = 1; lastKnownFileType = text.xcconfig; name = "Pods-plantapp.release.xcconfig"; path = "Target Support Files/Pods-plantapp/Pods-plantapp.release.xcconfig"; sourceTree = "<group>"; };
		5B7EB9410499542E8C5724F5 /* Pods-plantapp-plantappTests.debug.xcconfig */ = {isa = PBXFileReference; includeInIndex = 1; lastKnownFileType = text.xcconfig; name = "Pods-plantapp-plantappTests.debug.xcconfig"; path = "Target Support Files/Pods-plantapp-plantappTests/Pods-plantapp-plantappTests.debug.xcconfig"; sourceTree = "<group>"; };
		5DCACB8F33CDC322A6C60F78 /* libPods-plantapp.a */ = {isa = PBXFileReference; explicitFileType = archive.ar; includeInIndex = 0; path = "libPods-plantapp.a"; sourceTree = BUILT_PRODUCTS_DIR; };
		81AB9BB72411601600AC10FF /* LaunchScreen.storyboard */ = {isa = PBXFileReference; fileEncoding = 4; lastKnownFileType = file.storyboard; name = LaunchScreen.storyboard; path = plantapp/LaunchScreen.storyboard; sourceTree = "<group>"; };
		89C6BE57DB24E9ADA2F236DE /* Pods-plantapp-plantappTests.release.xcconfig */ = {isa = PBXFileReference; includeInIndex = 1; lastKnownFileType = text.xcconfig; name = "Pods-plantapp-plantappTests.release.xcconfig"; path = "Target Support Files/Pods-plantapp-plantappTests/Pods-plantapp-plantappTests.release.xcconfig"; sourceTree = "<group>"; };
		ED297162215061F000B7C4FE /* JavaScriptCore.framework */ = {isa = PBXFileReference; lastKnownFileType = wrapper.framework; name = JavaScriptCore.framework; path = System/Library/Frameworks/JavaScriptCore.framework; sourceTree = SDKROOT; };
		AD2219CCAABC4C95AABEB3FD /* Rubik-Black.ttf */ = {isa = PBXFileReference; name = "Rubik-Black.ttf"; path = "../src/assets/fonts/rubik/Rubik-Black.ttf"; sourceTree = "<group>"; fileEncoding = undefined; lastKnownFileType = unknown; explicitFileType = undefined; includeInIndex = 0; };
		922E86442F364DE08C47CCC7 /* Rubik-BlackItalic.ttf */ = {isa = PBXFileReference; name = "Rubik-BlackItalic.ttf"; path = "../src/assets/fonts/rubik/Rubik-BlackItalic.ttf"; sourceTree = "<group>"; fileEncoding = undefined; lastKnownFileType = unknown; explicitFileType = undefined; includeInIndex = 0; };
		5FA2E04C49F34B94B7FC6BF8 /* Rubik-Bold.ttf */ = {isa = PBXFileReference; name = "Rubik-Bold.ttf"; path = "../src/assets/fonts/rubik/Rubik-Bold.ttf"; sourceTree = "<group>"; fileEncoding = undefined; lastKnownFileType = unknown; explicitFileType = undefined; includeInIndex = 0; };
		2E463425C45D45A385BBA824 /* Rubik-BoldItalic.ttf */ = {isa = PBXFileReference; name = "Rubik-BoldItalic.ttf"; path = "../src/assets/fonts/rubik/Rubik-BoldItalic.ttf"; sourceTree = "<group>"; fileEncoding = undefined; lastKnownFileType = unknown; explicitFileType = undefined; includeInIndex = 0; };
		5B77CCA1C5464BBB9A33DDBD /* Rubik-ExtraBold.ttf */ = {isa = PBXFileReference; name = "Rubik-ExtraBold.ttf"; path = "../src/assets/fonts/rubik/Rubik-ExtraBold.ttf"; sourceTree = "<group>"; fileEncoding = undefined; lastKnownFileType = unknown; explicitFileType = undefined; includeInIndex = 0; };
		0771F1C07AB648BAAC20B191 /* Rubik-ExtraBoldItalic.ttf */ = {isa = PBXFileReference; name = "Rubik-ExtraBoldItalic.ttf"; path = "../src/assets/fonts/rubik/Rubik-ExtraBoldItalic.ttf"; sourceTree = "<group>"; fileEncoding = undefined; lastKnownFileType = unknown; explicitFileType = undefined; includeInIndex = 0; };
		F38EFCC08750412BB177EC2E /* Rubik-Italic.ttf */ = {isa = PBXFileReference; name = "Rubik-Italic.ttf"; path = "../src/assets/fonts/rubik/Rubik-Italic.ttf"; sourceTree = "<group>"; fileEncoding = undefined; lastKnownFileType = unknown; explicitFileType = undefined; includeInIndex = 0; };
		19C0EE95BB40409399F3BA9A /* Rubik-Light.ttf */ = {isa = PBXFileReference; name = "Rubik-Light.ttf"; path = "../src/assets/fonts/rubik/Rubik-Light.ttf"; sourceTree = "<group>"; fileEncoding = undefined; lastKnownFileType = unknown; explicitFileType = undefined; includeInIndex = 0; };
		51D6AC997E5D48E7BA4B1E12 /* Rubik-LightItalic.ttf */ = {isa = PBXFileReference; name = "Rubik-LightItalic.ttf"; path = "../src/assets/fonts/rubik/Rubik-LightItalic.ttf"; sourceTree = "<group>"; fileEncoding = undefined; lastKnownFileType = unknown; explicitFileType = undefined; includeInIndex = 0; };
		CEADE2B0694D452FA3DBAA20 /* Rubik-Medium.ttf */ = {isa = PBXFileReference; name = "Rubik-Medium.ttf"; path = "../src/assets/fonts/rubik/Rubik-Medium.ttf"; sourceTree = "<group>"; fileEncoding = undefined; lastKnownFileType = unknown; explicitFileType = undefined; includeInIndex = 0; };
		C9633898090B42BC9C3DBDF5 /* Rubik-MediumItalic.ttf */ = {isa = PBXFileReference; name = "Rubik-MediumItalic.ttf"; path = "../src/assets/fonts/rubik/Rubik-MediumItalic.ttf"; sourceTree = "<group>"; fileEncoding = undefined; lastKnownFileType = unknown; explicitFileType = undefined; includeInIndex = 0; };
		ADEEF4047F274944B1B59833 /* Rubik-Regular.ttf */ = {isa = PBXFileReference; name = "Rubik-Regular.ttf"; path = "../src/assets/fonts/rubik/Rubik-Regular.ttf"; sourceTree = "<group>"; fileEncoding = undefined; lastKnownFileType = unknown; explicitFileType = undefined; includeInIndex = 0; };
		AC6F8258E0654781B29534E2 /* Rubik-SemiBold.ttf */ = {isa = PBXFileReference; name = "Rubik-SemiBold.ttf"; path = "../src/assets/fonts/rubik/Rubik-SemiBold.ttf"; sourceTree = "<group>"; fileEncoding = undefined; lastKnownFileType = unknown; explicitFileType = undefined; includeInIndex = 0; };
		65A2A0A7F2324FB68D03DCF8 /* Rubik-SemiBoldItalic.ttf */ = {isa = PBXFileReference; name = "Rubik-SemiBoldItalic.ttf"; path = "../src/assets/fonts/rubik/Rubik-SemiBoldItalic.ttf"; sourceTree = "<group>"; fileEncoding = undefined; lastKnownFileType = unknown; explicitFileType = undefined; includeInIndex = 0; };
		75F96B4C928E4D999BA89F20 /* SF-Pro-Text-Black.otf */ = {isa = PBXFileReference; name = "SF-Pro-Text-Black.otf"; path = "../src/assets/fonts/sfprotext/SF-Pro-Text-Black.otf"; sourceTree = "<group>"; fileEncoding = undefined; lastKnownFileType = unknown; explicitFileType = undefined; includeInIndex = 0; };
		7F691E9B4C9D47E89DCDA3A2 /* SF-Pro-Text-BlackItalic.otf */ = {isa = PBXFileReference; name = "SF-Pro-Text-BlackItalic.otf"; path = "../src/assets/fonts/sfprotext/SF-Pro-Text-BlackItalic.otf"; sourceTree = "<group>"; fileEncoding = undefined; lastKnownFileType = unknown; explicitFileType = undefined; includeInIndex = 0; };
		E38EFA6052314B42B49CB0F5 /* SF-Pro-Text-Bold.otf */ = {isa = PBXFileReference; name = "SF-Pro-Text-Bold.otf"; path = "../src/assets/fonts/sfprotext/SF-Pro-Text-Bold.otf"; sourceTree = "<group>"; fileEncoding = undefined; lastKnownFileType = unknown; explicitFileType = undefined; includeInIndex = 0; };
		9FB4C4946D054AA08BB72A6C /* SF-Pro-Text-BoldItalic.otf */ = {isa = PBXFileReference; name = "SF-Pro-Text-BoldItalic.otf"; path = "../src/assets/fonts/sfprotext/SF-Pro-Text-BoldItalic.otf"; sourceTree = "<group>"; fileEncoding = undefined; lastKnownFileType = unknown; explicitFileType = undefined; includeInIndex = 0; };
		AD7669D9FADE4D4198083FD4 /* SF-Pro-Text-Heavy.otf */ = {isa = PBXFileReference; name = "SF-Pro-Text-Heavy.otf"; path = "../src/assets/fonts/sfprotext/SF-Pro-Text-Heavy.otf"; sourceTree = "<group>"; fileEncoding = undefined; lastKnownFileType = unknown; explicitFileType = undefined; includeInIndex = 0; };
		940888C6C40E4A39B3EAB767 /* SF-Pro-Text-HeavyItalic.otf */ = {isa = PBXFileReference; name = "SF-Pro-Text-HeavyItalic.otf"; path = "../src/assets/fonts/sfprotext/SF-Pro-Text-HeavyItalic.otf"; sourceTree = "<group>"; fileEncoding = undefined; lastKnownFileType = unknown; explicitFileType = undefined; includeInIndex = 0; };
		D42833CF133044E0854BEDC2 /* SF-Pro-Text-Light.otf */ = {isa = PBXFileReference; name = "SF-Pro-Text-Light.otf"; path = "../src/assets/fonts/sfprotext/SF-Pro-Text-Light.otf"; sourceTree = "<group>"; fileEncoding = undefined; lastKnownFileType = unknown; explicitFileType = undefined; includeInIndex = 0; };
		3BE8B37326DB4BB8B3703626 /* SF-Pro-Text-LightItalic.otf */ = {isa = PBXFileReference; name = "SF-Pro-Text-LightItalic.otf"; path = "../src/assets/fonts/sfprotext/SF-Pro-Text-LightItalic.otf"; sourceTree = "<group>"; fileEncoding = undefined; lastKnownFileType = unknown; explicitFileType = undefined; includeInIndex = 0; };
		42BB13F0B1A94FA6B62898AD /* SF-Pro-Text-Medium.otf */ = {isa = PBXFileReference; name = "SF-Pro-Text-Medium.otf"; path = "../src/assets/fonts/sfprotext/SF-Pro-Text-Medium.otf"; sourceTree = "<group>"; fileEncoding = undefined; lastKnownFileType = unknown; explicitFileType = undefined; includeInIndex = 0; };
		9A913EB859314359ABB8BBAF /* SF-Pro-Text-MediumItalic.otf */ = {isa = PBXFileReference; name = "SF-Pro-Text-MediumItalic.otf"; path = "../src/assets/fonts/sfprotext/SF-Pro-Text-MediumItalic.otf"; sourceTree = "<group>"; fileEncoding = undefined; lastKnownFileType = unknown; explicitFileType = undefined; includeInIndex = 0; };
		5E267560CEE64106A80A4C44 /* SF-Pro-Text-Regular.otf */ = {isa = PBXFileReference; name = "SF-Pro-Text-Regular.otf"; path = "../src/assets/fonts/sfprotext/SF-Pro-Text-Regular.otf"; sourceTree = "<group>"; fileEncoding = undefined; lastKnownFileType = unknown; explicitFileType = undefined; includeInIndex = 0; };
		5438293F2B524376AEFE2962 /* SF-Pro-Text-RegularItalic.otf */ = {isa = PBXFileReference; name = "SF-Pro-Text-RegularItalic.otf"; path = "../src/assets/fonts/sfprotext/SF-Pro-Text-RegularItalic.otf"; sourceTree = "<group>"; fileEncoding = undefined; lastKnownFileType = unknown; explicitFileType = undefined; includeInIndex = 0; };
		5D0DF057311C4F36B676F75A /* SF-Pro-Text-Semibold.otf */ = {isa = PBXFileReference; name = "SF-Pro-Text-Semibold.otf"; path = "../src/assets/fonts/sfprotext/SF-Pro-Text-Semibold.otf"; sourceTree = "<group>"; fileEncoding = undefined; lastKnownFileType = unknown; explicitFileType = undefined; includeInIndex = 0; };
		84E15BECEB1342108B511C2A /* SF-Pro-Text-SemiboldItalic.otf */ = {isa = PBXFileReference; name = "SF-Pro-Text-SemiboldItalic.otf"; path = "../src/assets/fonts/sfprotext/SF-Pro-Text-SemiboldItalic.otf"; sourceTree = "<group>"; fileEncoding = undefined; lastKnownFileType = unknown; explicitFileType = undefined; includeInIndex = 0; };
		C4223C5C859B435588C39D08 /* SF-Pro-Text-Thin.otf */ = {isa = PBXFileReference; name = "SF-Pro-Text-Thin.otf"; path = "../src/assets/fonts/sfprotext/SF-Pro-Text-Thin.otf"; sourceTree = "<group>"; fileEncoding = undefined; lastKnownFileType = unknown; explicitFileType = undefined; includeInIndex = 0; };
		00BBFB813D6E4FB9B3200208 /* SF-Pro-Text-ThinItalic.otf */ = {isa = PBXFileReference; name = "SF-Pro-Text-ThinItalic.otf"; path = "../src/assets/fonts/sfprotext/SF-Pro-Text-ThinItalic.otf"; sourceTree = "<group>"; fileEncoding = undefined; lastKnownFileType = unknown; explicitFileType = undefined; includeInIndex = 0; };
		326EC0F20C1A47548DEC5B4C /* SF-Pro-Text-Ultralight.otf */ = {isa = PBXFileReference; name = "SF-Pro-Text-Ultralight.otf"; path = "../src/assets/fonts/sfprotext/SF-Pro-Text-Ultralight.otf"; sourceTree = "<group>"; fileEncoding = undefined; lastKnownFileType = unknown; explicitFileType = undefined; includeInIndex = 0; };
		E857552B347C4DD08E577A4C /* SF-Pro-Text-UltralightItalic.otf */ = {isa = PBXFileReference; name = "SF-Pro-Text-UltralightItalic.otf"; path = "../src/assets/fonts/sfprotext/SF-Pro-Text-UltralightItalic.otf"; sourceTree = "<group>"; fileEncoding = undefined; lastKnownFileType = unknown; explicitFileType = undefined; includeInIndex = 0; };
/* End PBXFileReference section */

/* Begin PBXFrameworksBuildPhase section */
		00E356EB1AD99517003FC87E /* Frameworks */ = {
			isa = PBXFrameworksBuildPhase;
			buildActionMask = 2147483647;
			files = (
				7699B88040F8A987B510C191 /* libPods-plantapp-plantappTests.a in Frameworks */,
			);
			runOnlyForDeploymentPostprocessing = 0;
		};
		13B07F8C1A680F5B00A75B9A /* Frameworks */ = {
			isa = PBXFrameworksBuildPhase;
			buildActionMask = 2147483647;
			files = (
				0C80B921A6F3F58F76C31292 /* libPods-plantapp.a in Frameworks */,
			);
			runOnlyForDeploymentPostprocessing = 0;
		};
/* End PBXFrameworksBuildPhase section */

/* Begin PBXGroup section */
		00E356EF1AD99517003FC87E /* plantappTests */ = {
			isa = PBXGroup;
			children = (
				00E356F21AD99517003FC87E /* plantappTests.m */,
				00E356F01AD99517003FC87E /* Supporting Files */,
			);
			path = plantappTests;
			sourceTree = "<group>";
		};
		00E356F01AD99517003FC87E /* Supporting Files */ = {
			isa = PBXGroup;
			children = (
				00E356F11AD99517003FC87E /* Info.plist */,
			);
			name = "Supporting Files";
			sourceTree = "<group>";
		};
		13B07FAE1A68108700A75B9A /* plantapp */ = {
			isa = PBXGroup;
			children = (
				13B07FAF1A68108700A75B9A /* AppDelegate.h */,
				13B07FB01A68108700A75B9A /* AppDelegate.mm */,
				13B07FB51A68108700A75B9A /* Images.xcassets */,
				13B07FB61A68108700A75B9A /* Info.plist */,
				81AB9BB72411601600AC10FF /* LaunchScreen.storyboard */,
				13B07FB71A68108700A75B9A /* main.m */,
				13B07FB81A68108700A75B9A /* PrivacyInfo.xcprivacy */,
			);
			name = plantapp;
			sourceTree = "<group>";
		};
		2D16E6871FA4F8E400B85C8A /* Frameworks */ = {
			isa = PBXGroup;
			children = (
				ED297162215061F000B7C4FE /* JavaScriptCore.framework */,
				5DCACB8F33CDC322A6C60F78 /* libPods-plantapp.a */,
				19F6CBCC0A4E27FBF8BF4A61 /* libPods-plantapp-plantappTests.a */,
			);
			name = Frameworks;
			sourceTree = "<group>";
		};
		832341AE1AAA6A7D00B99B32 /* Libraries */ = {
			isa = PBXGroup;
			children = (
			);
			name = Libraries;
			sourceTree = "<group>";
		};
		83CBB9F61A601CBA00E9B192 = {
			isa = PBXGroup;
			children = (
				13B07FAE1A68108700A75B9A /* plantapp */,
				832341AE1AAA6A7D00B99B32 /* Libraries */,
				00E356EF1AD99517003FC87E /* plantappTests */,
				83CBBA001A601CBA00E9B192 /* Products */,
				2D16E6871FA4F8E400B85C8A /* Frameworks */,
				BBD78D7AC51CEA395F1C20DB /* Pods */,
				0434EE51D99C4B7296BD318A /* Resources */,
			);
			indentWidth = 2;
			sourceTree = "<group>";
			tabWidth = 2;
			usesTabs = 0;
		};
		83CBBA001A601CBA00E9B192 /* Products */ = {
			isa = PBXGroup;
			children = (
				13B07F961A680F5B00A75B9A /* plantapp.app */,
				00E356EE1AD99517003FC87E /* plantappTests.xctest */,
			);
			name = Products;
			sourceTree = "<group>";
		};
		BBD78D7AC51CEA395F1C20DB /* Pods */ = {
			isa = PBXGroup;
			children = (
				3B4392A12AC88292D35C810B /* Pods-plantapp.debug.xcconfig */,
				5709B34CF0A7D63546082F79 /* Pods-plantapp.release.xcconfig */,
				5B7EB9410499542E8C5724F5 /* Pods-plantapp-plantappTests.debug.xcconfig */,
				89C6BE57DB24E9ADA2F236DE /* Pods-plantapp-plantappTests.release.xcconfig */,
			);
			path = Pods;
			sourceTree = "<group>";
		};
		0434EE51D99C4B7296BD318A /* Resources */ = {
			isa = "PBXGroup";
			children = (
				AD2219CCAABC4C95AABEB3FD /* Rubik-Black.ttf */,
				922E86442F364DE08C47CCC7 /* Rubik-BlackItalic.ttf */,
				5FA2E04C49F34B94B7FC6BF8 /* Rubik-Bold.ttf */,
				2E463425C45D45A385BBA824 /* Rubik-BoldItalic.ttf */,
				5B77CCA1C5464BBB9A33DDBD /* Rubik-ExtraBold.ttf */,
				0771F1C07AB648BAAC20B191 /* Rubik-ExtraBoldItalic.ttf */,
				F38EFCC08750412BB177EC2E /* Rubik-Italic.ttf */,
				19C0EE95BB40409399F3BA9A /* Rubik-Light.ttf */,
				51D6AC997E5D48E7BA4B1E12 /* Rubik-LightItalic.ttf */,
				CEADE2B0694D452FA3DBAA20 /* Rubik-Medium.ttf */,
				C9633898090B42BC9C3DBDF5 /* Rubik-MediumItalic.ttf */,
				ADEEF4047F274944B1B59833 /* Rubik-Regular.ttf */,
				AC6F8258E0654781B29534E2 /* Rubik-SemiBold.ttf */,
				65A2A0A7F2324FB68D03DCF8 /* Rubik-SemiBoldItalic.ttf */,
				75F96B4C928E4D999BA89F20 /* SF-Pro-Text-Black.otf */,
				7F691E9B4C9D47E89DCDA3A2 /* SF-Pro-Text-BlackItalic.otf */,
				E38EFA6052314B42B49CB0F5 /* SF-Pro-Text-Bold.otf */,
				9FB4C4946D054AA08BB72A6C /* SF-Pro-Text-BoldItalic.otf */,
				AD7669D9FADE4D4198083FD4 /* SF-Pro-Text-Heavy.otf */,
				940888C6C40E4A39B3EAB767 /* SF-Pro-Text-HeavyItalic.otf */,
				D42833CF133044E0854BEDC2 /* SF-Pro-Text-Light.otf */,
				3BE8B37326DB4BB8B3703626 /* SF-Pro-Text-LightItalic.otf */,
				42BB13F0B1A94FA6B62898AD /* SF-Pro-Text-Medium.otf */,
				9A913EB859314359ABB8BBAF /* SF-Pro-Text-MediumItalic.otf */,
				5E267560CEE64106A80A4C44 /* SF-Pro-Text-Regular.otf */,
				5438293F2B524376AEFE2962 /* SF-Pro-Text-RegularItalic.otf */,
				5D0DF057311C4F36B676F75A /* SF-Pro-Text-Semibold.otf */,
				84E15BECEB1342108B511C2A /* SF-Pro-Text-SemiboldItalic.otf */,
				C4223C5C859B435588C39D08 /* SF-Pro-Text-Thin.otf */,
				00BBFB813D6E4FB9B3200208 /* SF-Pro-Text-ThinItalic.otf */,
				326EC0F20C1A47548DEC5B4C /* SF-Pro-Text-Ultralight.otf */,
				E857552B347C4DD08E577A4C /* SF-Pro-Text-UltralightItalic.otf */,
			);
			name = Resources;
			sourceTree = "<group>";
			path = "";
		};
/* End PBXGroup section */

/* Begin PBXNativeTarget section */
		00E356ED1AD99517003FC87E /* plantappTests */ = {
			isa = PBXNativeTarget;
			buildConfigurationList = 00E357021AD99517003FC87E /* Build configuration list for PBXNativeTarget "plantappTests" */;
			buildPhases = (
				A55EABD7B0C7F3A422A6CC61 /* [CP] Check Pods Manifest.lock */,
				00E356EA1AD99517003FC87E /* Sources */,
				00E356EB1AD99517003FC87E /* Frameworks */,
				00E356EC1AD99517003FC87E /* Resources */,
				C59DA0FBD6956966B86A3779 /* [CP] Embed Pods Frameworks */,
				F6A41C54EA430FDDC6A6ED99 /* [CP] Copy Pods Resources */,
			);
			buildRules = (
			);
			dependencies = (
				00E356F51AD99517003FC87E /* PBXTargetDependency */,
			);
			name = plantappTests;
			productName = plantappTests;
			productReference = 00E356EE1AD99517003FC87E /* plantappTests.xctest */;
			productType = "com.apple.product-type.bundle.unit-test";
		};
		13B07F861A680F5B00A75B9A /* plantapp */ = {
			isa = PBXNativeTarget;
			buildConfigurationList = 13B07F931A680F5B00A75B9A /* Build configuration list for PBXNativeTarget "plantapp" */;
			buildPhases = (
				C38B50BA6285516D6DCD4F65 /* [CP] Check Pods Manifest.lock */,
				13B07F871A680F5B00A75B9A /* Sources */,
				13B07F8C1A680F5B00A75B9A /* Frameworks */,
				13B07F8E1A680F5B00A75B9A /* Resources */,
				00DD1BFF1BD5951E006B06BC /* Bundle React Native code and images */,
				00EEFC60759A1932668264C0 /* [CP] Embed Pods Frameworks */,
				E235C05ADACE081382539298 /* [CP] Copy Pods Resources */,
			);
			buildRules = (
			);
			dependencies = (
			);
			name = plantapp;
			productName = plantapp;
			productReference = 13B07F961A680F5B00A75B9A /* plantapp.app */;
			productType = "com.apple.product-type.application";
		};
/* End PBXNativeTarget section */

/* Begin PBXProject section */
		83CBB9F71A601CBA00E9B192 /* Project object */ = {
			isa = PBXProject;
			attributes = {
				LastUpgradeCheck = 1210;
				TargetAttributes = {
					00E356ED1AD99517003FC87E = {
						CreatedOnToolsVersion = 6.2;
						TestTargetID = 13B07F861A680F5B00A75B9A;
					};
					13B07F861A680F5B00A75B9A = {
						LastSwiftMigration = 1120;
					};
				};
			};
			buildConfigurationList = 83CBB9FA1A601CBA00E9B192 /* Build configuration list for PBXProject "plantapp" */;
			compatibilityVersion = "Xcode 12.0";
			developmentRegion = en;
			hasScannedForEncodings = 0;
			knownRegions = (
				en,
				Base,
			);
			mainGroup = 83CBB9F61A601CBA00E9B192;
			productRefGroup = 83CBBA001A601CBA00E9B192 /* Products */;
			projectDirPath = "";
			projectRoot = "";
			targets = (
				13B07F861A680F5B00A75B9A /* plantapp */,
				00E356ED1AD99517003FC87E /* plantappTests */,
			);
		};
/* End PBXProject section */

/* Begin PBXResourcesBuildPhase section */
		00E356EC1AD99517003FC87E /* Resources */ = {
			isa = PBXResourcesBuildPhase;
			buildActionMask = 2147483647;
			files = (
			);
			runOnlyForDeploymentPostprocessing = 0;
		};
		13B07F8E1A680F5B00A75B9A /* Resources */ = {
			isa = PBXResourcesBuildPhase;
			buildActionMask = 2147483647;
			files = (
				81AB9BB82411601600AC10FF /* LaunchScreen.storyboard in Resources */,
				13B07FBF1A68108700A75B9A /* Images.xcassets in Resources */,
				AD7BA57AB0F6444B9B50570B /* Rubik-Black.ttf in Resources */,
				BB147ED05D0E4F50956E412B /* Rubik-BlackItalic.ttf in Resources */,
				715AC4FD26A7417F9E58F86B /* Rubik-Bold.ttf in Resources */,
				1B45FC5ADA5D443DB027CD5C /* Rubik-BoldItalic.ttf in Resources */,
				086865F480F546E0868FDE53 /* Rubik-ExtraBold.ttf in Resources */,
				E7FDD0C9F8064BC29E47241D /* Rubik-ExtraBoldItalic.ttf in Resources */,
				113243C3387F4736BD8D1572 /* Rubik-Italic.ttf in Resources */,
				2C0FFDB66EB84AC19B8BF766 /* Rubik-Light.ttf in Resources */,
				6FC2EAC23C044A74A2DD6558 /* Rubik-LightItalic.ttf in Resources */,
				8EB3E85A36ED49FFB9257422 /* Rubik-Medium.ttf in Resources */,
				02AE1DA8EF93479592562647 /* Rubik-MediumItalic.ttf in Resources */,
				8918FBBF54FC49CCB0478DDA /* Rubik-Regular.ttf in Resources */,
				9D1F51ABB4204EBCAEB7CD75 /* Rubik-SemiBold.ttf in Resources */,
				6EE2F6041B80459B857DC856 /* Rubik-SemiBoldItalic.ttf in Resources */,
				209E0568DE6642E8B2848A48 /* SF-Pro-Text-Black.otf in Resources */,
				22877E57EA844C1E8CA15F25 /* SF-Pro-Text-BlackItalic.otf in Resources */,
				DEAEC459B8F5476989BF2DB9 /* SF-Pro-Text-Bold.otf in Resources */,
				03D615EAE2DF421C99CB5005 /* SF-Pro-Text-BoldItalic.otf in Resources */,
				F74CAA6A16A041EE82744728 /* SF-Pro-Text-Heavy.otf in Resources */,
				F66985C60D2741308CD8E197 /* SF-Pro-Text-HeavyItalic.otf in Resources */,
				75AB6D05428B4A569E85E71F /* SF-Pro-Text-Light.otf in Resources */,
				52DA7F974AC042C694AC1FE4 /* SF-Pro-Text-LightItalic.otf in Resources */,
				B5B32382D12F4BD4A789E025 /* SF-Pro-Text-Medium.otf in Resources */,
				2B0AAE65F7944575B6A6D0EE /* SF-Pro-Text-MediumItalic.otf in Resources */,
				F021B2AEAF4749E5A26BE8C8 /* SF-Pro-Text-Regular.otf in Resources */,
				795E479D14214C3A8491D8E5 /* SF-Pro-Text-RegularItalic.otf in Resources */,
				422B3A7B810E4B03A221C09F /* SF-Pro-Text-Semibold.otf in Resources */,
				17289551F53D4A4598421759 /* SF-Pro-Text-SemiboldItalic.otf in Resources */,
				A86A1B0361E34CC8B4880856 /* SF-Pro-Text-Thin.otf in Resources */,
				A1026D1E442B45098DE0798A /* SF-Pro-Text-ThinItalic.otf in Resources */,
				51623799954A4F1E9372B429 /* SF-Pro-Text-Ultralight.otf in Resources */,
				FB0DE7DF3EF743369AC30B68 /* SF-Pro-Text-UltralightItalic.otf in Resources */,
			);
			runOnlyForDeploymentPostprocessing = 0;
		};
/* End PBXResourcesBuildPhase section */

/* Begin PBXShellScriptBuildPhase section */
		00DD1BFF1BD5951E006B06BC /* Bundle React Native code and images */ = {
			isa = PBXShellScriptBuildPhase;
			buildActionMask = 2147483647;
			files = (
			);
			inputPaths = (
				"$(SRCROOT)/.xcode.env.local",
				"$(SRCROOT)/.xcode.env",
			);
			name = "Bundle React Native code and images";
			outputPaths = (
			);
			runOnlyForDeploymentPostprocessing = 0;
			shellPath = /bin/sh;
			shellScript = "set -e\n\nWITH_ENVIRONMENT=\"$REACT_NATIVE_PATH/scripts/xcode/with-environment.sh\"\nREACT_NATIVE_XCODE=\"$REACT_NATIVE_PATH/scripts/react-native-xcode.sh\"\n\n/bin/sh -c \"$WITH_ENVIRONMENT $REACT_NATIVE_XCODE\"\n";
		};
		00EEFC60759A1932668264C0 /* [CP] Embed Pods Frameworks */ = {
			isa = PBXShellScriptBuildPhase;
			buildActionMask = 2147483647;
			files = (
			);
			inputFileListPaths = (
				"${PODS_ROOT}/Target Support Files/Pods-plantapp/Pods-plantapp-frameworks-${CONFIGURATION}-input-files.xcfilelist",
			);
			name = "[CP] Embed Pods Frameworks";
			outputFileListPaths = (
				"${PODS_ROOT}/Target Support Files/Pods-plantapp/Pods-plantapp-frameworks-${CONFIGURATION}-output-files.xcfilelist",
			);
			runOnlyForDeploymentPostprocessing = 0;
			shellPath = /bin/sh;
			shellScript = "\"${PODS_ROOT}/Target Support Files/Pods-plantapp/Pods-plantapp-frameworks.sh\"\n";
			showEnvVarsInLog = 0;
		};
		A55EABD7B0C7F3A422A6CC61 /* [CP] Check Pods Manifest.lock */ = {
			isa = PBXShellScriptBuildPhase;
			buildActionMask = 2147483647;
			files = (
			);
			inputFileListPaths = (
			);
			inputPaths = (
				"${PODS_PODFILE_DIR_PATH}/Podfile.lock",
				"${PODS_ROOT}/Manifest.lock",
			);
			name = "[CP] Check Pods Manifest.lock";
			outputFileListPaths = (
			);
			outputPaths = (
				"$(DERIVED_FILE_DIR)/Pods-plantapp-plantappTests-checkManifestLockResult.txt",
			);
			runOnlyForDeploymentPostprocessing = 0;
			shellPath = /bin/sh;
			shellScript = "diff \"${PODS_PODFILE_DIR_PATH}/Podfile.lock\" \"${PODS_ROOT}/Manifest.lock\" > /dev/null\nif [ $? != 0 ] ; then\n    # print error to STDERR\n    echo \"error: The sandbox is not in sync with the Podfile.lock. Run 'pod install' or update your CocoaPods installation.\" >&2\n    exit 1\nfi\n# This output is used by Xcode 'outputs' to avoid re-running this script phase.\necho \"SUCCESS\" > \"${SCRIPT_OUTPUT_FILE_0}\"\n";
			showEnvVarsInLog = 0;
		};
		C38B50BA6285516D6DCD4F65 /* [CP] Check Pods Manifest.lock */ = {
			isa = PBXShellScriptBuildPhase;
			buildActionMask = 2147483647;
			files = (
			);
			inputFileListPaths = (
			);
			inputPaths = (
				"${PODS_PODFILE_DIR_PATH}/Podfile.lock",
				"${PODS_ROOT}/Manifest.lock",
			);
			name = "[CP] Check Pods Manifest.lock";
			outputFileListPaths = (
			);
			outputPaths = (
				"$(DERIVED_FILE_DIR)/Pods-plantapp-checkManifestLockResult.txt",
			);
			runOnlyForDeploymentPostprocessing = 0;
			shellPath = /bin/sh;
			shellScript = "diff \"${PODS_PODFILE_DIR_PATH}/Podfile.lock\" \"${PODS_ROOT}/Manifest.lock\" > /dev/null\nif [ $? != 0 ] ; then\n    # print error to STDERR\n    echo \"error: The sandbox is not in sync with the Podfile.lock. Run 'pod install' or update your CocoaPods installation.\" >&2\n    exit 1\nfi\n# This output is used by Xcode 'outputs' to avoid re-running this script phase.\necho \"SUCCESS\" > \"${SCRIPT_OUTPUT_FILE_0}\"\n";
			showEnvVarsInLog = 0;
		};
		C59DA0FBD6956966B86A3779 /* [CP] Embed Pods Frameworks */ = {
			isa = PBXShellScriptBuildPhase;
			buildActionMask = 2147483647;
			files = (
			);
			inputFileListPaths = (
				"${PODS_ROOT}/Target Support Files/Pods-plantapp-plantappTests/Pods-plantapp-plantappTests-frameworks-${CONFIGURATION}-input-files.xcfilelist",
			);
			name = "[CP] Embed Pods Frameworks";
			outputFileListPaths = (
				"${PODS_ROOT}/Target Support Files/Pods-plantapp-plantappTests/Pods-plantapp-plantappTests-frameworks-${CONFIGURATION}-output-files.xcfilelist",
			);
			runOnlyForDeploymentPostprocessing = 0;
			shellPath = /bin/sh;
			shellScript = "\"${PODS_ROOT}/Target Support Files/Pods-plantapp-plantappTests/Pods-plantapp-plantappTests-frameworks.sh\"\n";
			showEnvVarsInLog = 0;
		};
		E235C05ADACE081382539298 /* [CP] Copy Pods Resources */ = {
			isa = PBXShellScriptBuildPhase;
			buildActionMask = 2147483647;
			files = (
			);
			inputFileListPaths = (
				"${PODS_ROOT}/Target Support Files/Pods-plantapp/Pods-plantapp-resources-${CONFIGURATION}-input-files.xcfilelist",
			);
			name = "[CP] Copy Pods Resources";
			outputFileListPaths = (
				"${PODS_ROOT}/Target Support Files/Pods-plantapp/Pods-plantapp-resources-${CONFIGURATION}-output-files.xcfilelist",
			);
			runOnlyForDeploymentPostprocessing = 0;
			shellPath = /bin/sh;
			shellScript = "\"${PODS_ROOT}/Target Support Files/Pods-plantapp/Pods-plantapp-resources.sh\"\n";
			showEnvVarsInLog = 0;
		};
		F6A41C54EA430FDDC6A6ED99 /* [CP] Copy Pods Resources */ = {
			isa = PBXShellScriptBuildPhase;
			buildActionMask = 2147483647;
			files = (
			);
			inputFileListPaths = (
				"${PODS_ROOT}/Target Support Files/Pods-plantapp-plantappTests/Pods-plantapp-plantappTests-resources-${CONFIGURATION}-input-files.xcfilelist",
			);
			name = "[CP] Copy Pods Resources";
			outputFileListPaths = (
				"${PODS_ROOT}/Target Support Files/Pods-plantapp-plantappTests/Pods-plantapp-plantappTests-resources-${CONFIGURATION}-output-files.xcfilelist",
			);
			runOnlyForDeploymentPostprocessing = 0;
			shellPath = /bin/sh;
			shellScript = "\"${PODS_ROOT}/Target Support Files/Pods-plantapp-plantappTests/Pods-plantapp-plantappTests-resources.sh\"\n";
			showEnvVarsInLog = 0;
		};
/* End PBXShellScriptBuildPhase section */

/* Begin PBXSourcesBuildPhase section */
		00E356EA1AD99517003FC87E /* Sources */ = {
			isa = PBXSourcesBuildPhase;
			buildActionMask = 2147483647;
			files = (
				00E356F31AD99517003FC87E /* plantappTests.m in Sources */,
			);
			runOnlyForDeploymentPostprocessing = 0;
		};
		13B07F871A680F5B00A75B9A /* Sources */ = {
			isa = PBXSourcesBuildPhase;
			buildActionMask = 2147483647;
			files = (
				13B07FBC1A68108700A75B9A /* AppDelegate.mm in Sources */,
				13B07FC11A68108700A75B9A /* main.m in Sources */,
			);
			runOnlyForDeploymentPostprocessing = 0;
		};
/* End PBXSourcesBuildPhase section */

/* Begin PBXTargetDependency section */
		00E356F51AD99517003FC87E /* PBXTargetDependency */ = {
			isa = PBXTargetDependency;
			target = 13B07F861A680F5B00A75B9A /* plantapp */;
			targetProxy = 00E356F41AD99517003FC87E /* PBXContainerItemProxy */;
		};
/* End PBXTargetDependency section */

/* Begin XCBuildConfiguration section */
		00E356F61AD99517003FC87E /* Debug */ = {
			isa = XCBuildConfiguration;
			baseConfigurationReference = 5B7EB9410499542E8C5724F5 /* Pods-plantapp-plantappTests.debug.xcconfig */;
			buildSettings = {
				BUNDLE_LOADER = "$(TEST_HOST)";
				GCC_PREPROCESSOR_DEFINITIONS = (
					"DEBUG=1",
					"$(inherited)",
				);
				INFOPLIST_FILE = plantappTests/Info.plist;
				IPHONEOS_DEPLOYMENT_TARGET = 15.1;
				LD_RUNPATH_SEARCH_PATHS = (
					"$(inherited)",
					"@executable_path/Frameworks",
					"@loader_path/Frameworks",
				);
				OTHER_LDFLAGS = (
					"-ObjC",
					"-lc++",
					"$(inherited)",
				);
				PRODUCT_BUNDLE_IDENTIFIER = "org.reactjs.native.example.$(PRODUCT_NAME:rfc1034identifier)";
				PRODUCT_NAME = "$(TARGET_NAME)";
				TEST_HOST = "$(BUILT_PRODUCTS_DIR)/plantapp.app/plantapp";
			};
			name = Debug;
		};
		00E356F71AD99517003FC87E /* Release */ = {
			isa = XCBuildConfiguration;
			baseConfigurationReference = 89C6BE57DB24E9ADA2F236DE /* Pods-plantapp-plantappTests.release.xcconfig */;
			buildSettings = {
				BUNDLE_LOADER = "$(TEST_HOST)";
				COPY_PHASE_STRIP = NO;
				INFOPLIST_FILE = plantappTests/Info.plist;
				IPHONEOS_DEPLOYMENT_TARGET = 15.1;
				LD_RUNPATH_SEARCH_PATHS = (
					"$(inherited)",
					"@executable_path/Frameworks",
					"@loader_path/Frameworks",
				);
				OTHER_LDFLAGS = (
					"-ObjC",
					"-lc++",
					"$(inherited)",
				);
				PRODUCT_BUNDLE_IDENTIFIER = "org.reactjs.native.example.$(PRODUCT_NAME:rfc1034identifier)";
				PRODUCT_NAME = "$(TARGET_NAME)";
				TEST_HOST = "$(BUILT_PRODUCTS_DIR)/plantapp.app/plantapp";
			};
			name = Release;
		};
		13B07F941A680F5B00A75B9A /* Debug */ = {
			isa = XCBuildConfiguration;
			baseConfigurationReference = 3B4392A12AC88292D35C810B /* Pods-plantapp.debug.xcconfig */;
			buildSettings = {
				ASSETCATALOG_COMPILER_APPICON_NAME = AppIcon;
				CLANG_ENABLE_MODULES = YES;
				CURRENT_PROJECT_VERSION = 1;
				ENABLE_BITCODE = NO;
				INFOPLIST_FILE = plantapp/Info.plist;
				IPHONEOS_DEPLOYMENT_TARGET = 15.1;
				LD_RUNPATH_SEARCH_PATHS = (
					"$(inherited)",
					"@executable_path/Frameworks",
				);
				MARKETING_VERSION = 1.0;
				OTHER_LDFLAGS = (
					"$(inherited)",
					"-ObjC",
					"-lc++",
				);
				PRODUCT_BUNDLE_IDENTIFIER = "org.reactjs.native.example.$(PRODUCT_NAME:rfc1034identifier)";
				PRODUCT_NAME = plantapp;
				SWIFT_OPTIMIZATION_LEVEL = "-Onone";
				SWIFT_VERSION = 5.0;
				VERSIONING_SYSTEM = "apple-generic";
			};
			name = Debug;
		};
		13B07F951A680F5B00A75B9A /* Release */ = {
			isa = XCBuildConfiguration;
			baseConfigurationReference = 5709B34CF0A7D63546082F79 /* Pods-plantapp.release.xcconfig */;
			buildSettings = {
				ASSETCATALOG_COMPILER_APPICON_NAME = AppIcon;
				CLANG_ENABLE_MODULES = YES;
				CURRENT_PROJECT_VERSION = 1;
				INFOPLIST_FILE = plantapp/Info.plist;
				IPHONEOS_DEPLOYMENT_TARGET = 15.1;
				LD_RUNPATH_SEARCH_PATHS = (
					"$(inherited)",
					"@executable_path/Frameworks",
				);
				MARKETING_VERSION = 1.0;
				OTHER_LDFLAGS = (
					"$(inherited)",
					"-ObjC",
					"-lc++",
				);
				PRODUCT_BUNDLE_IDENTIFIER = "org.reactjs.native.example.$(PRODUCT_NAME:rfc1034identifier)";
				PRODUCT_NAME = plantapp;
				SWIFT_VERSION = 5.0;
				VERSIONING_SYSTEM = "apple-generic";
			};
			name = Release;
		};
		83CBBA201A601CBA00E9B192 /* Debug */ = {
			isa = XCBuildConfiguration;
			buildSettings = {
				ALWAYS_SEARCH_USER_PATHS = NO;
				CLANG_ANALYZER_LOCALIZABILITY_NONLOCALIZED = YES;
				CLANG_CXX_LANGUAGE_STANDARD = "c++20";
				CLANG_CXX_LIBRARY = "libc++";
				CLANG_ENABLE_MODULES = YES;
				CLANG_ENABLE_OBJC_ARC = YES;
				CLANG_WARN_BLOCK_CAPTURE_AUTORELEASING = YES;
				CLANG_WARN_BOOL_CONVERSION = YES;
				CLANG_WARN_COMMA = YES;
				CLANG_WARN_CONSTANT_CONVERSION = YES;
				CLANG_WARN_DEPRECATED_OBJC_IMPLEMENTATIONS = YES;
				CLANG_WARN_DIRECT_OBJC_ISA_USAGE = YES_ERROR;
				CLANG_WARN_EMPTY_BODY = YES;
				CLANG_WARN_ENUM_CONVERSION = YES;
				CLANG_WARN_INFINITE_RECURSION = YES;
				CLANG_WARN_INT_CONVERSION = YES;
				CLANG_WARN_NON_LITERAL_NULL_CONVERSION = YES;
				CLANG_WARN_OBJC_IMPLICIT_RETAIN_SELF = YES;
				CLANG_WARN_OBJC_LITERAL_CONVERSION = YES;
				CLANG_WARN_OBJC_ROOT_CLASS = YES_ERROR;
				CLANG_WARN_QUOTED_INCLUDE_IN_FRAMEWORK_HEADER = YES;
				CLANG_WARN_RANGE_LOOP_ANALYSIS = YES;
				CLANG_WARN_STRICT_PROTOTYPES = YES;
				CLANG_WARN_SUSPICIOUS_MOVE = YES;
				CLANG_WARN_UNREACHABLE_CODE = YES;
				CLANG_WARN__DUPLICATE_METHOD_MATCH = YES;
				"CODE_SIGN_IDENTITY[sdk=iphoneos*]" = "iPhone Developer";
				COPY_PHASE_STRIP = NO;
				ENABLE_STRICT_OBJC_MSGSEND = YES;
				ENABLE_TESTABILITY = YES;
				"EXCLUDED_ARCHS[sdk=iphonesimulator*]" = "";
				GCC_C_LANGUAGE_STANDARD = gnu99;
				GCC_DYNAMIC_NO_PIC = NO;
				GCC_NO_COMMON_BLOCKS = YES;
				GCC_OPTIMIZATION_LEVEL = 0;
				GCC_PREPROCESSOR_DEFINITIONS = (
					"DEBUG=1",
					"$(inherited)",
				);
				GCC_SYMBOLS_PRIVATE_EXTERN = NO;
				GCC_WARN_64_TO_32_BIT_CONVERSION = YES;
				GCC_WARN_ABOUT_RETURN_TYPE = YES_ERROR;
				GCC_WARN_UNDECLARED_SELECTOR = YES;
				GCC_WARN_UNINITIALIZED_AUTOS = YES_AGGRESSIVE;
				GCC_WARN_UNUSED_FUNCTION = YES;
				GCC_WARN_UNUSED_VARIABLE = YES;
				IPHONEOS_DEPLOYMENT_TARGET = 15.1;
				LD_RUNPATH_SEARCH_PATHS = (
					/usr/lib/swift,
					"$(inherited)",
				);
				LIBRARY_SEARCH_PATHS = (
					"\"$(SDKROOT)/usr/lib/swift\"",
					"\"$(TOOLCHAIN_DIR)/usr/lib/swift/$(PLATFORM_NAME)\"",
					"\"$(inherited)\"",
				);
				MTL_ENABLE_DEBUG_INFO = YES;
				ONLY_ACTIVE_ARCH = YES;
				OTHER_CPLUSPLUSFLAGS = (
					"$(OTHER_CFLAGS)",
					"-DFOLLY_NO_CONFIG",
					"-DFOLLY_MOBILE=1",
					"-DFOLLY_USE_LIBCPP=1",
					"-DFOLLY_CFG_NO_COROUTINES=1",
					"-DFOLLY_HAVE_CLOCK_GETTIME=1",
				);
				SDKROOT = iphoneos;
			};
			name = Debug;
		};
		83CBBA211A601CBA00E9B192 /* Release */ = {
			isa = XCBuildConfiguration;
			buildSettings = {
				ALWAYS_SEARCH_USER_PATHS = NO;
				CLANG_ANALYZER_LOCALIZABILITY_NONLOCALIZED = YES;
				CLANG_CXX_LANGUAGE_STANDARD = "c++20";
				CLANG_CXX_LIBRARY = "libc++";
				CLANG_ENABLE_MODULES = YES;
				CLANG_ENABLE_OBJC_ARC = YES;
				CLANG_WARN_BLOCK_CAPTURE_AUTORELEASING = YES;
				CLANG_WARN_BOOL_CONVERSION = YES;
				CLANG_WARN_COMMA = YES;
				CLANG_WARN_CONSTANT_CONVERSION = YES;
				CLANG_WARN_DEPRECATED_OBJC_IMPLEMENTATIONS = YES;
				CLANG_WARN_DIRECT_OBJC_ISA_USAGE = YES_ERROR;
				CLANG_WARN_EMPTY_BODY = YES;
				CLANG_WARN_ENUM_CONVERSION = YES;
				CLANG_WARN_INFINITE_RECURSION = YES;
				CLANG_WARN_INT_CONVERSION = YES;
				CLANG_WARN_NON_LITERAL_NULL_CONVERSION = YES;
				CLANG_WARN_OBJC_IMPLICIT_RETAIN_SELF = YES;
				CLANG_WARN_OBJC_LITERAL_CONVERSION = YES;
				CLANG_WARN_OBJC_ROOT_CLASS = YES_ERROR;
				CLANG_WARN_QUOTED_INCLUDE_IN_FRAMEWORK_HEADER = YES;
				CLANG_WARN_RANGE_LOOP_ANALYSIS = YES;
				CLANG_WARN_STRICT_PROTOTYPES = YES;
				CLANG_WARN_SUSPICIOUS_MOVE = YES;
				CLANG_WARN_UNREACHABLE_CODE = YES;
				CLANG_WARN__DUPLICATE_METHOD_MATCH = YES;
				"CODE_SIGN_IDENTITY[sdk=iphoneos*]" = "iPhone Developer";
				COPY_PHASE_STRIP = YES;
				ENABLE_NS_ASSERTIONS = NO;
				ENABLE_STRICT_OBJC_MSGSEND = YES;
				"EXCLUDED_ARCHS[sdk=iphonesimulator*]" = "";
				GCC_C_LANGUAGE_STANDARD = gnu99;
				GCC_NO_COMMON_BLOCKS = YES;
				GCC_WARN_64_TO_32_BIT_CONVERSION = YES;
				GCC_WARN_ABOUT_RETURN_TYPE = YES_ERROR;
				GCC_WARN_UNDECLARED_SELECTOR = YES;
				GCC_WARN_UNINITIALIZED_AUTOS = YES_AGGRESSIVE;
				GCC_WARN_UNUSED_FUNCTION = YES;
				GCC_WARN_UNUSED_VARIABLE = YES;
				IPHONEOS_DEPLOYMENT_TARGET = 15.1;
				LD_RUNPATH_SEARCH_PATHS = (
					/usr/lib/swift,
					"$(inherited)",
				);
				LIBRARY_SEARCH_PATHS = (
					"\"$(SDKROOT)/usr/lib/swift\"",
					"\"$(TOOLCHAIN_DIR)/usr/lib/swift/$(PLATFORM_NAME)\"",
					"\"$(inherited)\"",
				);
				MTL_ENABLE_DEBUG_INFO = NO;
				OTHER_CPLUSPLUSFLAGS = (
					"$(OTHER_CFLAGS)",
					"-DFOLLY_NO_CONFIG",
					"-DFOLLY_MOBILE=1",
					"-DFOLLY_USE_LIBCPP=1",
					"-DFOLLY_CFG_NO_COROUTINES=1",
					"-DFOLLY_HAVE_CLOCK_GETTIME=1",
				);
				SDKROOT = iphoneos;
				VALIDATE_PRODUCT = YES;
			};
			name = Release;
		};
/* End XCBuildConfiguration section */

/* Begin XCConfigurationList section */
		00E357021AD99517003FC87E /* Build configuration list for PBXNativeTarget "plantappTests" */ = {
			isa = XCConfigurationList;
			buildConfigurations = (
				00E356F61AD99517003FC87E /* Debug */,
				00E356F71AD99517003FC87E /* Release */,
			);
			defaultConfigurationIsVisible = 0;
			defaultConfigurationName = Release;
		};
		13B07F931A680F5B00A75B9A /* Build configuration list for PBXNativeTarget "plantapp" */ = {
			isa = XCConfigurationList;
			buildConfigurations = (
				13B07F941A680F5B00A75B9A /* Debug */,
				13B07F951A680F5B00A75B9A /* Release */,
			);
			defaultConfigurationIsVisible = 0;
			defaultConfigurationName = Release;
		};
		83CBB9FA1A601CBA00E9B192 /* Build configuration list for PBXProject "plantapp" */ = {
			isa = XCConfigurationList;
			buildConfigurations = (
				83CBBA201A601CBA00E9B192 /* Debug */,
				83CBBA211A601CBA00E9B192 /* Release */,
			);
			defaultConfigurationIsVisible = 0;
			defaultConfigurationName = Release;
		};
/* End XCConfigurationList section */
	};
	rootObject = 83CBB9F71A601CBA00E9B192 /* Project object */;
}
